// !$*UTF8*$!
{
	archiveVersion = 1;
	classes = {
	};
	objectVersion = 55;
	objects = {

/* Begin PBXBuildFile section */
		37A5CD6727FA605E00197465 /* AppDelegate.swift in Sources */ = {isa = PBXBuildFile; fileRef = 37A5CD6627FA605E00197465 /* AppDelegate.swift */; };
		37A5CD6927FA605E00197465 /* SceneDelegate.swift in Sources */ = {isa = PBXBuildFile; fileRef = 37A5CD6827FA605E00197465 /* SceneDelegate.swift */; };
		37A5CD6B27FA605E00197465 /* ViewController.swift in Sources */ = {isa = PBXBuildFile; fileRef = 37A5CD6A27FA605E00197465 /* ViewController.swift */; };
		37A5CD6E27FA605E00197465 /* Main.storyboard in Resources */ = {isa = PBXBuildFile; fileRef = 37A5CD6C27FA605E00197465 /* Main.storyboard */; };
		37A5CD7027FA606000197465 /* Assets.xcassets in Resources */ = {isa = PBXBuildFile; fileRef = 37A5CD6F27FA606000197465 /* Assets.xcassets */; };
		37A5CD7327FA606000197465 /* LaunchScreen.storyboard in Resources */ = {isa = PBXBuildFile; fileRef = 37A5CD7127FA606000197465 /* LaunchScreen.storyboard */; };
		37A5CD7B27FA658A00197465 /* VolumeData.swift in Sources */ = {isa = PBXBuildFile; fileRef = 37A5CD7A27FA658A00197465 /* VolumeData.swift */; };
		37A5CD7D27FA65CA00197465 /* BookData.swift in Sources */ = {isa = PBXBuildFile; fileRef = 37A5CD7C27FA65CA00197465 /* BookData.swift */; };
		37A5CD7F27FA6A9E00197465 /* MyBooksTableViewController.swift in Sources */ = {isa = PBXBuildFile; fileRef = 37A5CD7E27FA6A9E00197465 /* MyBooksTableViewController.swift */; };
		37A5CD8127FA6AB300197465 /* SearchBooksTableViewController.swift in Sources */ = {isa = PBXBuildFile; fileRef = 37A5CD8027FA6AB300197465 /* SearchBooksTableViewController.swift */; };
		37A5CD8427FA72FA00197465 /* BookDataModel.xcdatamodeld in Sources */ = {isa = PBXBuildFile; fileRef = 37A5CD8227FA72FA00197465 /* BookDataModel.xcdatamodeld */; };
		37A5CD8627FA73EE00197465 /* MulticastDelegate.swift in Sources */ = {isa = PBXBuildFile; fileRef = 37A5CD8527FA73EE00197465 /* MulticastDelegate.swift */; };
		37A5CD8827FA743E00197465 /* DatabaseProtocol.swift in Sources */ = {isa = PBXBuildFile; fileRef = 37A5CD8727FA743D00197465 /* DatabaseProtocol.swift */; };
		37A5CD8A27FA75F700197465 /* CoreDataController.swift in Sources */ = {isa = PBXBuildFile; fileRef = 37A5CD8927FA75F700197465 /* CoreDataController.swift */; };
		37D07AE627FC06C90026CDFF /* BookInfoViewController.swift in Sources */ = {isa = PBXBuildFile; fileRef = 37D07AE527FC06C90026CDFF /* BookInfoViewController.swift */; };
/* End PBXBuildFile section */

/* Begin PBXFileReference section */
		37A5CD6327FA605D00197465 /* lab05.app */ = {isa = PBXFileReference; explicitFileType = wrapper.application; includeInIndex = 0; path = lab05.app; sourceTree = BUILT_PRODUCTS_DIR; };
		37A5CD6627FA605E00197465 /* AppDelegate.swift */ = {isa = PBXFileReference; lastKnownFileType = sourcecode.swift; path = AppDelegate.swift; sourceTree = "<group>"; };
		37A5CD6827FA605E00197465 /* SceneDelegate.swift */ = {isa = PBXFileReference; lastKnownFileType = sourcecode.swift; path = SceneDelegate.swift; sourceTree = "<group>"; };
		37A5CD6A27FA605E00197465 /* ViewController.swift */ = {isa = PBXFileReference; lastKnownFileType = sourcecode.swift; path = ViewController.swift; sourceTree = "<group>"; };
		37A5CD6D27FA605E00197465 /* Base */ = {isa = PBXFileReference; lastKnownFileType = file.storyboard; name = Base; path = Base.lproj/Main.storyboard; sourceTree = "<group>"; };
		37A5CD6F27FA606000197465 /* Assets.xcassets */ = {isa = PBXFileReference; lastKnownFileType = folder.assetcatalog; path = Assets.xcassets; sourceTree = "<group>"; };
		37A5CD7227FA606000197465 /* Base */ = {isa = PBXFileReference; lastKnownFileType = file.storyboard; name = Base; path = Base.lproj/LaunchScreen.storyboard; sourceTree = "<group>"; };
		37A5CD7427FA606100197465 /* Info.plist */ = {isa = PBXFileReference; lastKnownFileType = text.plist.xml; path = Info.plist; sourceTree = "<group>"; };
		37A5CD7A27FA658A00197465 /* VolumeData.swift */ = {isa = PBXFileReference; lastKnownFileType = sourcecode.swift; path = VolumeData.swift; sourceTree = "<group>"; };
		37A5CD7C27FA65CA00197465 /* BookData.swift */ = {isa = PBXFileReference; lastKnownFileType = sourcecode.swift; path = BookData.swift; sourceTree = "<group>"; };
		37A5CD7E27FA6A9E00197465 /* MyBooksTableViewController.swift */ = {isa = PBXFileReference; lastKnownFileType = sourcecode.swift; path = MyBooksTableViewController.swift; sourceTree = "<group>"; };
		37A5CD8027FA6AB300197465 /* SearchBooksTableViewController.swift */ = {isa = PBXFileReference; lastKnownFileType = sourcecode.swift; path = SearchBooksTableViewController.swift; sourceTree = "<group>"; };
		37A5CD8327FA72FA00197465 /* BookDataModel.xcdatamodel */ = {isa = PBXFileReference; lastKnownFileType = wrapper.xcdatamodel; path = BookDataModel.xcdatamodel; sourceTree = "<group>"; };
		37A5CD8527FA73EE00197465 /* MulticastDelegate.swift */ = {isa = PBXFileReference; lastKnownFileType = sourcecode.swift; path = MulticastDelegate.swift; sourceTree = "<group>"; };
		37A5CD8727FA743D00197465 /* DatabaseProtocol.swift */ = {isa = PBXFileReference; lastKnownFileType = sourcecode.swift; path = DatabaseProtocol.swift; sourceTree = "<group>"; };
		37A5CD8927FA75F700197465 /* CoreDataController.swift */ = {isa = PBXFileReference; lastKnownFileType = sourcecode.swift; path = CoreDataController.swift; sourceTree = "<group>"; };
		37D07AE527FC06C90026CDFF /* BookInfoViewController.swift */ = {isa = PBXFileReference; lastKnownFileType = sourcecode.swift; path = BookInfoViewController.swift; sourceTree = "<group>"; };
/* End PBXFileReference section */

/* Begin PBXFrameworksBuildPhase section */
		37A5CD6027FA605D00197465 /* Frameworks */ = {
			isa = PBXFrameworksBuildPhase;
			buildActionMask = 2147483647;
			files = (
			);
			runOnlyForDeploymentPostprocessing = 0;
		};
/* End PBXFrameworksBuildPhase section */

/* Begin PBXGroup section */
		3718266127FD33C700E4D41A /* DataModel */ = {
			isa = PBXGroup;
			children = (
				37A5CD8227FA72FA00197465 /* BookDataModel.xcdatamodeld */,
			);
			path = DataModel;
			sourceTree = "<group>";
		};
		3718266227FD33DC00E4D41A /* Database */ = {
			isa = PBXGroup;
			children = (
				37A5CD8727FA743D00197465 /* DatabaseProtocol.swift */,
				37A5CD8527FA73EE00197465 /* MulticastDelegate.swift */,
				37A5CD8927FA75F700197465 /* CoreDataController.swift */,
			);
			path = Database;
			sourceTree = "<group>";
		};
		37A5CD5A27FA605D00197465 = {
			isa = PBXGroup;
			children = (
				37A5CD6527FA605E00197465 /* lab05 */,
				37A5CD6427FA605D00197465 /* Products */,
			);
			sourceTree = "<group>";
		};
		37A5CD6427FA605D00197465 /* Products */ = {
			isa = PBXGroup;
			children = (
				37A5CD6327FA605D00197465 /* lab05.app */,
			);
			name = Products;
			sourceTree = "<group>";
		};
		37A5CD6527FA605E00197465 /* lab05 */ = {
			isa = PBXGroup;
			children = (
				3718266227FD33DC00E4D41A /* Database */,
				3718266127FD33C700E4D41A /* DataModel */,
				37A5CD6627FA605E00197465 /* AppDelegate.swift */,
				37A5CD6827FA605E00197465 /* SceneDelegate.swift */,
				37A5CD6A27FA605E00197465 /* ViewController.swift */,
				37A5CD6C27FA605E00197465 /* Main.storyboard */,
				37A5CD6F27FA606000197465 /* Assets.xcassets */,
				37A5CD7127FA606000197465 /* LaunchScreen.storyboard */,
				37A5CD7427FA606100197465 /* Info.plist */,
				37A5CD7A27FA658A00197465 /* VolumeData.swift */,
				37A5CD7C27FA65CA00197465 /* BookData.swift */,
				37A5CD7E27FA6A9E00197465 /* MyBooksTableViewController.swift */,
				37A5CD8027FA6AB300197465 /* SearchBooksTableViewController.swift */,
				37D07AE527FC06C90026CDFF /* BookInfoViewController.swift */,
			);
			path = lab05;
			sourceTree = "<group>";
		};
/* End PBXGroup section */

/* Begin PBXNativeTarget section */
		37A5CD6227FA605D00197465 /* lab05 */ = {
			isa = PBXNativeTarget;
			buildConfigurationList = 37A5CD7727FA606100197465 /* Build configuration list for PBXNativeTarget "lab05" */;
			buildPhases = (
				37A5CD5F27FA605D00197465 /* Sources */,
				37A5CD6027FA605D00197465 /* Frameworks */,
				37A5CD6127FA605D00197465 /* Resources */,
			);
			buildRules = (
			);
			dependencies = (
			);
			name = lab05;
			productName = lab05;
			productReference = 37A5CD6327FA605D00197465 /* lab05.app */;
			productType = "com.apple.product-type.application";
		};
/* End PBXNativeTarget section */

/* Begin PBXProject section */
		37A5CD5B27FA605D00197465 /* Project object */ = {
			isa = PBXProject;
			attributes = {
				BuildIndependentTargetsInParallel = 1;
				LastSwiftUpdateCheck = 1320;
				LastUpgradeCheck = 1320;
				TargetAttributes = {
					37A5CD6227FA605D00197465 = {
						CreatedOnToolsVersion = 13.2.1;
					};
				};
			};
			buildConfigurationList = 37A5CD5E27FA605D00197465 /* Build configuration list for PBXProject "lab05" */;
			compatibilityVersion = "Xcode 13.0";
			developmentRegion = en;
			hasScannedForEncodings = 0;
			knownRegions = (
				en,
				Base,
			);
			mainGroup = 37A5CD5A27FA605D00197465;
			productRefGroup = 37A5CD6427FA605D00197465 /* Products */;
			projectDirPath = "";
			projectRoot = "";
			targets = (
				37A5CD6227FA605D00197465 /* lab05 */,
			);
		};
/* End PBXProject section */

/* Begin PBXResourcesBuildPhase section */
		37A5CD6127FA605D00197465 /* Resources */ = {
			isa = PBXResourcesBuildPhase;
			buildActionMask = 2147483647;
			files = (
				37A5CD7327FA606000197465 /* LaunchScreen.storyboard in Resources */,
				37A5CD7027FA606000197465 /* Assets.xcassets in Resources */,
				37A5CD6E27FA605E00197465 /* Main.storyboard in Resources */,
			);
			runOnlyForDeploymentPostprocessing = 0;
		};
/* End PBXResourcesBuildPhase section */

/* Begin PBXSourcesBuildPhase section */
		37A5CD5F27FA605D00197465 /* Sources */ = {
			isa = PBXSourcesBuildPhase;
			buildActionMask = 2147483647;
			files = (
				37A5CD8427FA72FA00197465 /* BookDataModel.xcdatamodeld in Sources */,
				37D07AE627FC06C90026CDFF /* BookInfoViewController.swift in Sources */,
				37A5CD7D27FA65CA00197465 /* BookData.swift in Sources */,
				37A5CD6B27FA605E00197465 /* ViewController.swift in Sources */,
				37A5CD8127FA6AB300197465 /* SearchBooksTableViewController.swift in Sources */,
				37A5CD8827FA743E00197465 /* DatabaseProtocol.swift in Sources */,
				37A5CD7F27FA6A9E00197465 /* MyBooksTableViewController.swift in Sources */,
				37A5CD8A27FA75F700197465 /* CoreDataController.swift in Sources */,
				37A5CD7B27FA658A00197465 /* VolumeData.swift in Sources */,
				37A5CD6727FA605E00197465 /* AppDelegate.swift in Sources */,
				37A5CD6927FA605E00197465 /* SceneDelegate.swift in Sources */,
				37A5CD8627FA73EE00197465 /* MulticastDelegate.swift in Sources */,
			);
			runOnlyForDeploymentPostprocessing = 0;
		};
/* End PBXSourcesBuildPhase section */

/* Begin PBXVariantGroup section */
		37A5CD6C27FA605E00197465 /* Main.storyboard */ = {
			isa = PBXVariantGroup;
			children = (
				37A5CD6D27FA605E00197465 /* Base */,
			);
			name = Main.storyboard;
			sourceTree = "<group>";
		};
		37A5CD7127FA606000197465 /* LaunchScreen.storyboard */ = {
			isa = PBXVariantGroup;
			children = (
				37A5CD7227FA606000197465 /* Base */,
			);
			name = LaunchScreen.storyboard;
			sourceTree = "<group>";
		};
/* End PBXVariantGroup section */

/* Begin XCBuildConfiguration section */
		37A5CD7527FA606100197465 /* Debug */ = {
			isa = XCBuildConfiguration;
			buildSettings = {
				ALWAYS_SEARCH_USER_PATHS = NO;
				CLANG_ANALYZER_NONNULL = YES;
				CLANG_ANALYZER_NUMBER_OBJECT_CONVERSION = YES_AGGRESSIVE;
				CLANG_CXX_LANGUAGE_STANDARD = "gnu++17";
				CLANG_CXX_LIBRARY = "libc++";
				CLANG_ENABLE_MODULES = YES;
				CLANG_ENABLE_OBJC_ARC = YES;
				CLANG_ENABLE_OBJC_WEAK = YES;
				CLANG_WARN_BLOCK_CAPTURE_AUTORELEASING = YES;
				CLANG_WARN_BOOL_CONVERSION = YES;
				CLANG_WARN_COMMA = YES;
				CLANG_WARN_CONSTANT_CONVERSION = YES;
				CLANG_WARN_DEPRECATED_OBJC_IMPLEMENTATIONS = YES;
				CLANG_WARN_DIRECT_OBJC_ISA_USAGE = YES_ERROR;
				CLANG_WARN_DOCUMENTATION_COMMENTS = YES;
				CLANG_WARN_EMPTY_BODY = YES;
				CLANG_WARN_ENUM_CONVERSION = YES;
				CLANG_WARN_INFINITE_RECURSION = YES;
				CLANG_WARN_INT_CONVERSION = YES;
				CLANG_WARN_NON_LITERAL_NULL_CONVERSION = YES;
				CLANG_WARN_OBJC_IMPLICIT_RETAIN_SELF = YES;
				CLANG_WARN_OBJC_LITERAL_CONVERSION = YES;
				CLANG_WARN_OBJC_ROOT_CLASS = YES_ERROR;
				CLANG_WARN_QUOTED_INCLUDE_IN_FRAMEWORK_HEADER = YES;
				CLANG_WARN_RANGE_LOOP_ANALYSIS = YES;
				CLANG_WARN_STRICT_PROTOTYPES = YES;
				CLANG_WARN_SUSPICIOUS_MOVE = YES;
				CLANG_WARN_UNGUARDED_AVAILABILITY = YES_AGGRESSIVE;
				CLANG_WARN_UNREACHABLE_CODE = YES;
				CLANG_WARN__DUPLICATE_METHOD_MATCH = YES;
				COPY_PHASE_STRIP = NO;
				DEBUG_INFORMATION_FORMAT = dwarf;
				ENABLE_STRICT_OBJC_MSGSEND = YES;
				ENABLE_TESTABILITY = YES;
				GCC_C_LANGUAGE_STANDARD = gnu11;
				GCC_DYNAMIC_NO_PIC = NO;
				GCC_NO_COMMON_BLOCKS = YES;
				GCC_OPTIMIZATION_LEVEL = 0;
				GCC_PREPROCESSOR_DEFINITIONS = (
					"DEBUG=1",
					"$(inherited)",
				);
				GCC_WARN_64_TO_32_BIT_CONVERSION = YES;
				GCC_WARN_ABOUT_RETURN_TYPE = YES_ERROR;
				GCC_WARN_UNDECLARED_SELECTOR = YES;
				GCC_WARN_UNINITIALIZED_AUTOS = YES_AGGRESSIVE;
				GCC_WARN_UNUSED_FUNCTION = YES;
				GCC_WARN_UNUSED_VARIABLE = YES;
				IPHONEOS_DEPLOYMENT_TARGET = 15.2;
				MTL_ENABLE_DEBUG_INFO = INCLUDE_SOURCE;
				MTL_FAST_MATH = YES;
				ONLY_ACTIVE_ARCH = YES;
				SDKROOT = iphoneos;
				SWIFT_ACTIVE_COMPILATION_CONDITIONS = DEBUG;
				SWIFT_OPTIMIZATION_LEVEL = "-Onone";
			};
			name = Debug;
		};
		37A5CD7627FA606100197465 /* Release */ = {
			isa = XCBuildConfiguration;
			buildSettings = {
				ALWAYS_SEARCH_USER_PATHS = NO;
				CLANG_ANALYZER_NONNULL = YES;
				CLANG_ANALYZER_NUMBER_OBJECT_CONVERSION = YES_AGGRESSIVE;
				CLANG_CXX_LANGUAGE_STANDARD = "gnu++17";
				CLANG_CXX_LIBRARY = "libc++";
				CLANG_ENABLE_MODULES = YES;
				CLANG_ENABLE_OBJC_ARC = YES;
				CLANG_ENABLE_OBJC_WEAK = YES;
				CLANG_WARN_BLOCK_CAPTURE_AUTORELEASING = YES;
				CLANG_WARN_BOOL_CONVERSION = YES;
				CLANG_WARN_COMMA = YES;
				CLANG_WARN_CONSTANT_CONVERSION = YES;
				CLANG_WARN_DEPRECATED_OBJC_IMPLEMENTATIONS = YES;
				CLANG_WARN_DIRECT_OBJC_ISA_USAGE = YES_ERROR;
				CLANG_WARN_DOCUMENTATION_COMMENTS = YES;
				CLANG_WARN_EMPTY_BODY = YES;
				CLANG_WARN_ENUM_CONVERSION = YES;
				CLANG_WARN_INFINITE_RECURSION = YES;
				CLANG_WARN_INT_CONVERSION = YES;
				CLANG_WARN_NON_LITERAL_NULL_CONVERSION = YES;
				CLANG_WARN_OBJC_IMPLICIT_RETAIN_SELF = YES;
				CLANG_WARN_OBJC_LITERAL_CONVERSION = YES;
				CLANG_WARN_OBJC_ROOT_CLASS = YES_ERROR;
				CLANG_WARN_QUOTED_INCLUDE_IN_FRAMEWORK_HEADER = YES;
				CLANG_WARN_RANGE_LOOP_ANALYSIS = YES;
				CLANG_WARN_STRICT_PROTOTYPES = YES;
				CLANG_WARN_SUSPICIOUS_MOVE = YES;
				CLANG_WARN_UNGUARDED_AVAILABILITY = YES_AGGRESSIVE;
				CLANG_WARN_UNREACHABLE_CODE = YES;
				CLANG_WARN__DUPLICATE_METHOD_MATCH = YES;
				COPY_PHASE_STRIP = NO;
				DEBUG_INFORMATION_FORMAT = "dwarf-with-dsym";
				ENABLE_NS_ASSERTIONS = NO;
				ENABLE_STRICT_OBJC_MSGSEND = YES;
				GCC_C_LANGUAGE_STANDARD = gnu11;
				GCC_NO_COMMON_BLOCKS = YES;
				GCC_WARN_64_TO_32_BIT_CONVERSION = YES;
				GCC_WARN_ABOUT_RETURN_TYPE = YES_ERROR;
				GCC_WARN_UNDECLARED_SELECTOR = YES;
				GCC_WARN_UNINITIALIZED_AUTOS = YES_AGGRESSIVE;
				GCC_WARN_UNUSED_FUNCTION = YES;
				GCC_WARN_UNUSED_VARIABLE = YES;
				IPHONEOS_DEPLOYMENT_TARGET = 15.2;
				MTL_ENABLE_DEBUG_INFO = NO;
				MTL_FAST_MATH = YES;
				SDKROOT = iphoneos;
				SWIFT_COMPILATION_MODE = wholemodule;
				SWIFT_OPTIMIZATION_LEVEL = "-O";
				VALIDATE_PRODUCT = YES;
			};
			name = Release;
		};
		37A5CD7827FA606100197465 /* Debug */ = {
			isa = XCBuildConfiguration;
			buildSettings = {
				ASSETCATALOG_COMPILER_APPICON_NAME = AppIcon;
				ASSETCATALOG_COMPILER_GLOBAL_ACCENT_COLOR_NAME = AccentColor;
				CODE_SIGN_STYLE = Automatic;
				CURRENT_PROJECT_VERSION = 1;
				GENERATE_INFOPLIST_FILE = YES;
				INFOPLIST_FILE = lab05/Info.plist;
				INFOPLIST_KEY_UIApplicationSupportsIndirectInputEvents = YES;
				INFOPLIST_KEY_UILaunchStoryboardName = LaunchScreen;
				INFOPLIST_KEY_UIMainStoryboardFile = Main;
				INFOPLIST_KEY_UISupportedInterfaceOrientations_iPad = "UIInterfaceOrientationPortrait UIInterfaceOrientationPortraitUpsideDown UIInterfaceOrientationLandscapeLeft UIInterfaceOrientationLandscapeRight";
				INFOPLIST_KEY_UISupportedInterfaceOrientations_iPhone = "UIInterfaceOrientationPortrait UIInterfaceOrientationLandscapeLeft UIInterfaceOrientationLandscapeRight";
				LD_RUNPATH_SEARCH_PATHS = (
					"$(inherited)",
					"@executable_path/Frameworks",
				);
				MARKETING_VERSION = 1.0;
				PRODUCT_BUNDLE_IDENTIFIER = edu.monash.lab05;
				PRODUCT_NAME = "$(TARGET_NAME)";
				SWIFT_EMIT_LOC_STRINGS = YES;
				SWIFT_VERSION = 5.0;
				TARGETED_DEVICE_FAMILY = "1,2";
			};
			name = Debug;
		};
		37A5CD7927FA606100197465 /* Release */ = {
			isa = XCBuildConfiguration;
			buildSettings = {
				ASSETCATALOG_COMPILER_APPICON_NAME = AppIcon;
				ASSETCATALOG_COMPILER_GLOBAL_ACCENT_COLOR_NAME = AccentColor;
				CODE_SIGN_STYLE = Automatic;
				CURRENT_PROJECT_VERSION = 1;
				GENERATE_INFOPLIST_FILE = YES;
				INFOPLIST_FILE = lab05/Info.plist;
				INFOPLIST_KEY_UIApplicationSupportsIndirectInputEvents = YES;
				INFOPLIST_KEY_UILaunchStoryboardName = LaunchScreen;
				INFOPLIST_KEY_UIMainStoryboardFile = Main;
				INFOPLIST_KEY_UISupportedInterfaceOrientations_iPad = "UIInterfaceOrientationPortrait UIInterfaceOrientationPortraitUpsideDown UIInterfaceOrientationLandscapeLeft UIInterfaceOrientationLandscapeRight";
				INFOPLIST_KEY_UISupportedInterfaceOrientations_iPhone = "UIInterfaceOrientationPortrait UIInterfaceOrientationLandscapeLeft UIInterfaceOrientationLandscapeRight";
				LD_RUNPATH_SEARCH_PATHS = (
					"$(inherited)",
					"@executable_path/Frameworks",
				);
				MARKETING_VERSION = 1.0;
				PRODUCT_BUNDLE_IDENTIFIER = edu.monash.lab05;
				PRODUCT_NAME = "$(TARGET_NAME)";
				SWIFT_EMIT_LOC_STRINGS = YES;
				SWIFT_VERSION = 5.0;
				TARGETED_DEVICE_FAMILY = "1,2";
			};
			name = Release;
		};
/* End XCBuildConfiguration section */

/* Begin XCConfigurationList section */
		37A5CD5E27FA605D00197465 /* Build configuration list for PBXProject "lab05" */ = {
			isa = XCConfigurationList;
			buildConfigurations = (
				37A5CD7527FA606100197465 /* Debug */,
				37A5CD7627FA606100197465 /* Release */,
			);
			defaultConfigurationIsVisible = 0;
			defaultConfigurationName = Release;
		};
		37A5CD7727FA606100197465 /* Build configuration list for PBXNativeTarget "lab05" */ = {
			isa = XCConfigurationList;
			buildConfigurations = (
				37A5CD7827FA606100197465 /* Debug */,
				37A5CD7927FA606100197465 /* Release */,
			);
			defaultConfigurationIsVisible = 0;
			defaultConfigurationName = Release;
		};
/* End XCConfigurationList section */

/* Begin XCVersionGroup section */
		37A5CD8227FA72FA00197465 /* BookDataModel.xcdatamodeld */ = {
			isa = XCVersionGroup;
			children = (
				37A5CD8327FA72FA00197465 /* BookDataModel.xcdatamodel */,
			);
			currentVersion = 37A5CD8327FA72FA00197465 /* BookDataModel.xcdatamodel */;
			path = BookDataModel.xcdatamodeld;
			sourceTree = "<group>";
			versionGroupType = wrapper.xcdatamodel;
		};
/* End XCVersionGroup section */
	};
	rootObject = 37A5CD5B27FA605D00197465 /* Project object */;
}
